
Microsoft Visual Studio Solution File, Format Version 12.00
# Visual Studio Version 17
VisualStudioVersion = 17.1.32228.430
MinimumVisualStudioVersion = 10.0.40219.1
Project("{FAE04EC0-301F-11D3-BF4B-00C04F79EFBC}") = "Micro-messageboard", "Micro-messageboard\Micro-messageboard.csproj", "{3A7F80C2-F2DF-460C-914A-9FFFB78B10D7}"
EndProject
Global
	GlobalSection(SolutionConfigurationPlatforms) = preSolution
		Debug|Any CPU = Debug|Any CPU
		Release|Any CPU = Release|Any CPU
	EndGlobalSection
	GlobalSection(ProjectConfigurationPlatforms) = postSolution
		{3A7F80C2-F2DF-460C-914A-9FFFB78B10D7}.Debug|Any CPU.ActiveCfg = Debug|Any CPU
		{3A7F80C2-F2DF-460C-914A-9FFFB78B10D7}.Debug|Any CPU.Build.0 = Debug|Any CPU
		{3A7F80C2-F2DF-460C-914A-9FFFB78B10D7}.Release|Any CPU.ActiveCfg = Release|Any CPU
		{3A7F80C2-F2DF-460C-914A-9FFFB78B10D7}.Release|Any CPU.Build.0 = Release|Any CPU
	EndGlobalSection
	GlobalSection(SolutionProperties) = preSolution
		HideSolutionNode = FALSE
	EndGlobalSection
	GlobalSection(ExtensibilityGlobals) = postSolution
		SolutionGuid = {E8C671DE-CF78-4A98-B56B-5DFDCD00988B}
	EndGlobalSection
EndGlobal
